
Microsoft Visual Studio Solution File, Format Version 12.00
# Visual Studio Version 17
VisualStudioVersion = 17.5.002.0
MinimumVisualStudioVersion = 10.0.40219.1
Project("{9A19103F-16F7-4668-BE54-9A1E7A4F7556}") = "wallet", "wallet.csproj", "{587848A2-A010-4CB7-B9AD-317EB5092B15}"
EndProject
Global
	GlobalSection(SolutionConfigurationPlatforms) = preSolution
		Debug|Any CPU = Debug|Any CPU
		Release|Any CPU = Release|Any CPU
	EndGlobalSection
	GlobalSection(ProjectConfigurationPlatforms) = postSolution
		{587848A2-A010-4CB7-B9AD-317EB5092B15}.Debug|Any CPU.ActiveCfg = Debug|Any CPU
		{587848A2-A010-4CB7-B9AD-317EB5092B15}.Debug|Any CPU.Build.0 = Debug|Any CPU
		{587848A2-A010-4CB7-B9AD-317EB5092B15}.Release|Any CPU.ActiveCfg = Release|Any CPU
		{587848A2-A010-4CB7-B9AD-317EB5092B15}.Release|Any CPU.Build.0 = Release|Any CPU
	EndGlobalSection
	GlobalSection(SolutionProperties) = preSolution
		HideSolutionNode = FALSE
	EndGlobalSection
	GlobalSection(ExtensibilityGlobals) = postSolution
		SolutionGuid = {6C45246F-D2F7-4B2A-9F86-2B9F50345CD0}
	EndGlobalSection
EndGlobal
